
Microsoft Visual Studio Solution File, Format Version 12.00
# Visual Studio Version 17
VisualStudioVersion = 17.5.33103.201
MinimumVisualStudioVersion = 10.0.40219.1
Project("{9A19103F-16F7-4668-BE54-9A1E7A4F7556}") = "EraseAppleExcel", "EraseAppleExcel\EraseAppleExcel.csproj", "{6FD68312-0795-4244-A39E-D14718855797}"
EndProject
Project("{9A19103F-16F7-4668-BE54-9A1E7A4F7556}") = "SmallTool.Lib", "SmallTool.Lib\SmallTool.Lib.csproj", "{9B323D24-3E29-4362-9004-7C1777F7C455}"
EndProject
Project("{9A19103F-16F7-4668-BE54-9A1E7A4F7556}") = "CongregationPreachReport", "CongregationPreachReport\CongregationPreachReport.csproj", "{D61ADB01-B3BD-4E00-A785-E93D2989B28A}"
EndProject
Project("{9A19103F-16F7-4668-BE54-9A1E7A4F7556}") = "DelegationTool", "DelegationTool\DelegationTool.csproj", "{0A7F56AD-B3BB-4882-AF6C-7E18B5DADA9B}"
EndProject
Project("{9A19103F-16F7-4668-BE54-9A1E7A4F7556}") = "CPR_Maui_App", "CPR_Maui_App\CPR_Maui_App.csproj", "{6B300F62-9AB4-4B5E-B99A-4F6C041AE3B0}"
EndProject
Global
	GlobalSection(SolutionConfigurationPlatforms) = preSolution
		Debug|Any CPU = Debug|Any CPU
		Debug|arm64 = Debug|arm64
		Debug|x64 = Debug|x64
		Debug|x86 = Debug|x86
		Release|Any CPU = Release|Any CPU
		Release|arm64 = Release|arm64
		Release|x64 = Release|x64
		Release|x86 = Release|x86
	EndGlobalSection
	GlobalSection(ProjectConfigurationPlatforms) = postSolution
		{6FD68312-0795-4244-A39E-D14718855797}.Debug|Any CPU.ActiveCfg = Debug|Any CPU
		{6FD68312-0795-4244-A39E-D14718855797}.Debug|Any CPU.Build.0 = Debug|Any CPU
		{6FD68312-0795-4244-A39E-D14718855797}.Debug|arm64.ActiveCfg = Debug|Any CPU
		{6FD68312-0795-4244-A39E-D14718855797}.Debug|arm64.Build.0 = Debug|Any CPU
		{6FD68312-0795-4244-A39E-D14718855797}.Debug|x64.ActiveCfg = Debug|Any CPU
		{6FD68312-0795-4244-A39E-D14718855797}.Debug|x64.Build.0 = Debug|Any CPU
		{6FD68312-0795-4244-A39E-D14718855797}.Debug|x86.ActiveCfg = Debug|Any CPU
		{6FD68312-0795-4244-A39E-D14718855797}.Debug|x86.Build.0 = Debug|Any CPU
		{6FD68312-0795-4244-A39E-D14718855797}.Release|Any CPU.ActiveCfg = Release|Any CPU
		{6FD68312-0795-4244-A39E-D14718855797}.Release|Any CPU.Build.0 = Release|Any CPU
		{6FD68312-0795-4244-A39E-D14718855797}.Release|arm64.ActiveCfg = Release|Any CPU
		{6FD68312-0795-4244-A39E-D14718855797}.Release|arm64.Build.0 = Release|Any CPU
		{6FD68312-0795-4244-A39E-D14718855797}.Release|x64.ActiveCfg = Release|Any CPU
		{6FD68312-0795-4244-A39E-D14718855797}.Release|x64.Build.0 = Release|Any CPU
		{6FD68312-0795-4244-A39E-D14718855797}.Release|x86.ActiveCfg = Release|Any CPU
		{6FD68312-0795-4244-A39E-D14718855797}.Release|x86.Build.0 = Release|Any CPU
		{9B323D24-3E29-4362-9004-7C1777F7C455}.Debug|Any CPU.ActiveCfg = Debug|Any CPU
		{9B323D24-3E29-4362-9004-7C1777F7C455}.Debug|Any CPU.Build.0 = Debug|Any CPU
		{9B323D24-3E29-4362-9004-7C1777F7C455}.Debug|arm64.ActiveCfg = Debug|Any CPU
		{9B323D24-3E29-4362-9004-7C1777F7C455}.Debug|arm64.Build.0 = Debug|Any CPU
		{9B323D24-3E29-4362-9004-7C1777F7C455}.Debug|x64.ActiveCfg = Debug|Any CPU
		{9B323D24-3E29-4362-9004-7C1777F7C455}.Debug|x64.Build.0 = Debug|Any CPU
		{9B323D24-3E29-4362-9004-7C1777F7C455}.Debug|x86.ActiveCfg = Debug|Any CPU
		{9B323D24-3E29-4362-9004-7C1777F7C455}.Debug|x86.Build.0 = Debug|Any CPU
		{9B323D24-3E29-4362-9004-7C1777F7C455}.Release|Any CPU.ActiveCfg = Release|Any CPU
		{9B323D24-3E29-4362-9004-7C1777F7C455}.Release|Any CPU.Build.0 = Release|Any CPU
		{9B323D24-3E29-4362-9004-7C1777F7C455}.Release|arm64.ActiveCfg = Release|Any CPU
		{9B323D24-3E29-4362-9004-7C1777F7C455}.Release|arm64.Build.0 = Release|Any CPU
		{9B323D24-3E29-4362-9004-7C1777F7C455}.Release|x64.ActiveCfg = Release|Any CPU
		{9B323D24-3E29-4362-9004-7C1777F7C455}.Release|x64.Build.0 = Release|Any CPU
		{9B323D24-3E29-4362-9004-7C1777F7C455}.Release|x86.ActiveCfg = Release|Any CPU
		{9B323D24-3E29-4362-9004-7C1777F7C455}.Release|x86.Build.0 = Release|Any CPU
		{D61ADB01-B3BD-4E00-A785-E93D2989B28A}.Debug|Any CPU.ActiveCfg = Debug|Any CPU
		{D61ADB01-B3BD-4E00-A785-E93D2989B28A}.Debug|Any CPU.Build.0 = Debug|Any CPU
		{D61ADB01-B3BD-4E00-A785-E93D2989B28A}.Debug|arm64.ActiveCfg = Debug|Any CPU
		{D61ADB01-B3BD-4E00-A785-E93D2989B28A}.Debug|arm64.Build.0 = Debug|Any CPU
		{D61ADB01-B3BD-4E00-A785-E93D2989B28A}.Debug|x64.ActiveCfg = Debug|Any CPU
		{D61ADB01-B3BD-4E00-A785-E93D2989B28A}.Debug|x64.Build.0 = Debug|Any CPU
		{D61ADB01-B3BD-4E00-A785-E93D2989B28A}.Debug|x86.ActiveCfg = Debug|Any CPU
		{D61ADB01-B3BD-4E00-A785-E93D2989B28A}.Debug|x86.Build.0 = Debug|Any CPU
		{D61ADB01-B3BD-4E00-A785-E93D2989B28A}.Release|Any CPU.ActiveCfg = Release|Any CPU
		{D61ADB01-B3BD-4E00-A785-E93D2989B28A}.Release|Any CPU.Build.0 = Release|Any CPU
		{D61ADB01-B3BD-4E00-A785-E93D2989B28A}.Release|arm64.ActiveCfg = Release|Any CPU
		{D61ADB01-B3BD-4E00-A785-E93D2989B28A}.Release|arm64.Build.0 = Release|Any CPU
		{D61ADB01-B3BD-4E00-A785-E93D2989B28A}.Release|x64.ActiveCfg = Release|Any CPU
		{D61ADB01-B3BD-4E00-A785-E93D2989B28A}.Release|x64.Build.0 = Release|Any CPU
		{D61ADB01-B3BD-4E00-A785-E93D2989B28A}.Release|x86.ActiveCfg = Release|Any CPU
		{D61ADB01-B3BD-4E00-A785-E93D2989B28A}.Release|x86.Build.0 = Release|Any CPU
		{0A7F56AD-B3BB-4882-AF6C-7E18B5DADA9B}.Debug|Any CPU.ActiveCfg = Debug|Any CPU
		{0A7F56AD-B3BB-4882-AF6C-7E18B5DADA9B}.Debug|Any CPU.Build.0 = Debug|Any CPU
		{0A7F56AD-B3BB-4882-AF6C-7E18B5DADA9B}.Debug|arm64.ActiveCfg = Debug|Any CPU
		{0A7F56AD-B3BB-4882-AF6C-7E18B5DADA9B}.Debug|arm64.Build.0 = Debug|Any CPU
		{0A7F56AD-B3BB-4882-AF6C-7E18B5DADA9B}.Debug|x64.ActiveCfg = Debug|Any CPU
		{0A7F56AD-B3BB-4882-AF6C-7E18B5DADA9B}.Debug|x64.Build.0 = Debug|Any CPU
		{0A7F56AD-B3BB-4882-AF6C-7E18B5DADA9B}.Debug|x86.ActiveCfg = Debug|Any CPU
		{0A7F56AD-B3BB-4882-AF6C-7E18B5DADA9B}.Debug|x86.Build.0 = Debug|Any CPU
		{0A7F56AD-B3BB-4882-AF6C-7E18B5DADA9B}.Release|Any CPU.ActiveCfg = Release|Any CPU
		{0A7F56AD-B3BB-4882-AF6C-7E18B5DADA9B}.Release|Any CPU.Build.0 = Release|Any CPU
		{0A7F56AD-B3BB-4882-AF6C-7E18B5DADA9B}.Release|arm64.ActiveCfg = Release|Any CPU
		{0A7F56AD-B3BB-4882-AF6C-7E18B5DADA9B}.Release|arm64.Build.0 = Release|Any CPU
		{0A7F56AD-B3BB-4882-AF6C-7E18B5DADA9B}.Release|x64.ActiveCfg = Release|Any CPU
		{0A7F56AD-B3BB-4882-AF6C-7E18B5DADA9B}.Release|x64.Build.0 = Release|Any CPU
		{0A7F56AD-B3BB-4882-AF6C-7E18B5DADA9B}.Release|x86.ActiveCfg = Release|Any CPU
		{0A7F56AD-B3BB-4882-AF6C-7E18B5DADA9B}.Release|x86.Build.0 = Release|Any CPU
		{6B300F62-9AB4-4B5E-B99A-4F6C041AE3B0}.Debug|Any CPU.ActiveCfg = Debug|Any CPU
		{6B300F62-9AB4-4B5E-B99A-4F6C041AE3B0}.Debug|Any CPU.Build.0 = Debug|Any CPU
		{6B300F62-9AB4-4B5E-B99A-4F6C041AE3B0}.Debug|Any CPU.Deploy.0 = Debug|Any CPU
		{6B300F62-9AB4-4B5E-B99A-4F6C041AE3B0}.Debug|arm64.ActiveCfg = Debug|Any CPU
		{6B300F62-9AB4-4B5E-B99A-4F6C041AE3B0}.Debug|arm64.Build.0 = Debug|Any CPU
		{6B300F62-9AB4-4B5E-B99A-4F6C041AE3B0}.Debug|arm64.Deploy.0 = Debug|Any CPU
		{6B300F62-9AB4-4B5E-B99A-4F6C041AE3B0}.Debug|x64.ActiveCfg = Debug|Any CPU
		{6B300F62-9AB4-4B5E-B99A-4F6C041AE3B0}.Debug|x64.Build.0 = Debug|Any CPU
		{6B300F62-9AB4-4B5E-B99A-4F6C041AE3B0}.Debug|x64.Deploy.0 = Debug|Any CPU
		{6B300F62-9AB4-4B5E-B99A-4F6C041AE3B0}.Debug|x86.ActiveCfg = Debug|Any CPU
		{6B300F62-9AB4-4B5E-B99A-4F6C041AE3B0}.Debug|x86.Build.0 = Debug|Any CPU
		{6B300F62-9AB4-4B5E-B99A-4F6C041AE3B0}.Debug|x86.Deploy.0 = Debug|Any CPU
		{6B300F62-9AB4-4B5E-B99A-4F6C041AE3B0}.Release|Any CPU.ActiveCfg = Release|Any CPU
		{6B300F62-9AB4-4B5E-B99A-4F6C041AE3B0}.Release|Any CPU.Build.0 = Release|Any CPU
		{6B300F62-9AB4-4B5E-B99A-4F6C041AE3B0}.Release|Any CPU.Deploy.0 = Release|Any CPU
		{6B300F62-9AB4-4B5E-B99A-4F6C041AE3B0}.Release|arm64.ActiveCfg = Release|Any CPU
		{6B300F62-9AB4-4B5E-B99A-4F6C041AE3B0}.Release|arm64.Build.0 = Release|Any CPU
		{6B300F62-9AB4-4B5E-B99A-4F6C041AE3B0}.Release|arm64.Deploy.0 = Release|Any CPU
		{6B300F62-9AB4-4B5E-B99A-4F6C041AE3B0}.Release|x64.ActiveCfg = Release|Any CPU
		{6B300F62-9AB4-4B5E-B99A-4F6C041AE3B0}.Release|x64.Build.0 = Release|Any CPU
		{6B300F62-9AB4-4B5E-B99A-4F6C041AE3B0}.Release|x64.Deploy.0 = Release|Any CPU
		{6B300F62-9AB4-4B5E-B99A-4F6C041AE3B0}.Release|x86.ActiveCfg = Release|Any CPU
		{6B300F62-9AB4-4B5E-B99A-4F6C041AE3B0}.Release|x86.Build.0 = Release|Any CPU
		{6B300F62-9AB4-4B5E-B99A-4F6C041AE3B0}.Release|x86.Deploy.0 = Release|Any CPU
	EndGlobalSection
	GlobalSection(SolutionProperties) = preSolution
		HideSolutionNode = FALSE
	EndGlobalSection
	GlobalSection(ExtensibilityGlobals) = postSolution
		SolutionGuid = {16B77B91-27AE-462A-A93E-F7423A18D09E}
	EndGlobalSection
EndGlobal
